
Microsoft Visual Studio Solution File, Format Version 12.00
# Visual Studio Version 17
VisualStudioVersion = 17.5.002.0
MinimumVisualStudioVersion = 10.0.40219.1
Project("{9A19103F-16F7-4668-BE54-9A1E7A4F7556}") = "turtlemailer", "turtlemailer.csproj", "{F549FBFC-E27B-48CA-B9DD-8259F11E5938}"
EndProject
Global
	GlobalSection(SolutionConfigurationPlatforms) = preSolution
		Debug|Any CPU = Debug|Any CPU
		Release|Any CPU = Release|Any CPU
	EndGlobalSection
	GlobalSection(ProjectConfigurationPlatforms) = postSolution
		{F549FBFC-E27B-48CA-B9DD-8259F11E5938}.Debug|Any CPU.ActiveCfg = Debug|Any CPU
		{F549FBFC-E27B-48CA-B9DD-8259F11E5938}.Debug|Any CPU.Build.0 = Debug|Any CPU
		{F549FBFC-E27B-48CA-B9DD-8259F11E5938}.Release|Any CPU.ActiveCfg = Release|Any CPU
		{F549FBFC-E27B-48CA-B9DD-8259F11E5938}.Release|Any CPU.Build.0 = Release|Any CPU
	EndGlobalSection
	GlobalSection(SolutionProperties) = preSolution
		HideSolutionNode = FALSE
	EndGlobalSection
	GlobalSection(ExtensibilityGlobals) = postSolution
		SolutionGuid = {425BA7AE-3F87-400C-AFBA-5B30E9EA59E4}
	EndGlobalSection
EndGlobal
